
Microsoft Visual Studio Solution File, Format Version 12.00
Project("{FAE04EC0-301F-11D3-BF4B-00C04F79EFBC}") = "Pokemon-Battle-Simulator", " Pokemon-Battle-Simulator\Pokemon-Battle-Simulator.csproj", "{84D952CC-BA68-413D-B2DD-A431CA96AB5D}"
EndProject
Global
	GlobalSection(SolutionConfigurationPlatforms) = preSolution
		Debug|Any CPU = Debug|Any CPU
		Release|Any CPU = Release|Any CPU
	EndGlobalSection
	GlobalSection(ProjectConfigurationPlatforms) = postSolution
		{84D952CC-BA68-413D-B2DD-A431CA96AB5D}.Debug|Any CPU.ActiveCfg = Debug|Any CPU
		{84D952CC-BA68-413D-B2DD-A431CA96AB5D}.Debug|Any CPU.Build.0 = Debug|Any CPU
		{84D952CC-BA68-413D-B2DD-A431CA96AB5D}.Release|Any CPU.ActiveCfg = Release|Any CPU
		{84D952CC-BA68-413D-B2DD-A431CA96AB5D}.Release|Any CPU.Build.0 = Release|Any CPU
	EndGlobalSection
EndGlobal
